github.com/gorilla/mux v1.8.0 h1:i40aqfkR1h2SlN9hojwV5ZA91wcXFOvkdNIeFDP5koI=
github.com/gorilla/mux v1.8.0/go.mod h1:DVbg23sWSpFRCP0SfiEN6jmj59UnW/n46BH5rLB71So=
github.com/zhulik/go_mediainfo v0.0.0-20151224204459-29d57b2a6ea0 h1:LArnVt1z8677ir0iplBYjb9z2CGds34OLrtvcrjMAGw=
github.com/zhulik/go_mediainfo v0.0.0-20151224204459-29d57b2a6ea0/go.mod h1:MRoR7mHzwQMd2TN1G1RTUkIBV+P9mX1DYQz8URX/QCI=
